
Microsoft Visual Studio Solution File, Format Version 12.00
# Visual Studio Version 16
VisualStudioVersion = 16.0.29709.97
MinimumVisualStudioVersion = 10.0.40219.1
Project("{2150E333-8FDC-42A3-9474-1A3956D46DE8}") = "Domain", "Domain", "{A211C2C8-65E1-4A0C-8D95-3A26A3D01963}"
EndProject
Project("{9A19103F-16F7-4668-BE54-9A1E7A4F7556}") = "PersonAdventureWork.Domain", "Domain\PersonAdventureWork.Domain.csproj", "{2D67B45C-A48E-4A2D-BC6B-A1B9016A00C3}"
EndProject
Global
	GlobalSection(SolutionConfigurationPlatforms) = preSolution
		Debug|Any CPU = Debug|Any CPU
		Release|Any CPU = Release|Any CPU
	EndGlobalSection
	GlobalSection(ProjectConfigurationPlatforms) = postSolution
		{2D67B45C-A48E-4A2D-BC6B-A1B9016A00C3}.Debug|Any CPU.ActiveCfg = Debug|Any CPU
		{2D67B45C-A48E-4A2D-BC6B-A1B9016A00C3}.Debug|Any CPU.Build.0 = Debug|Any CPU
		{2D67B45C-A48E-4A2D-BC6B-A1B9016A00C3}.Release|Any CPU.ActiveCfg = Release|Any CPU
		{2D67B45C-A48E-4A2D-BC6B-A1B9016A00C3}.Release|Any CPU.Build.0 = Release|Any CPU
	EndGlobalSection
	GlobalSection(SolutionProperties) = preSolution
		HideSolutionNode = FALSE
	EndGlobalSection
	GlobalSection(NestedProjects) = preSolution
		{2D67B45C-A48E-4A2D-BC6B-A1B9016A00C3} = {A211C2C8-65E1-4A0C-8D95-3A26A3D01963}
	EndGlobalSection
	GlobalSection(ExtensibilityGlobals) = postSolution
		SolutionGuid = {AE451A0B-CEF8-483A-87D2-9FC15EC44BE0}
	EndGlobalSection
EndGlobal
